{
  "pins" : [
    {
      "identity" : "curry",
      "kind" : "remoteSourceControl",
      "location" : "https://github.com/thoughtbot/Curry.git",
      "state" : {
        "revision" : "56f657c8a68dde445cc46630ccc84989213d93e8",
        "version" : "5.0.0"
      }
    },
    {
      "identity" : "swiftyjson",
      "kind" : "remoteSourceControl",
      "location" : "https://github.com/SwiftyJSON/SwiftyJSON.git",
      "state" : {
        "revision" : "b3dcd7dbd0d488e1a7077cb33b00f2083e382f07",
        "version" : "5.0.1"
      }
    }
  ],
  "version" : 2
}
